
Microsoft Visual Studio Solution File, Format Version 12.00
# Visual Studio Version 17
VisualStudioVersion = 17.3.32901.215
MinimumVisualStudioVersion = 10.0.40219.1
Project("{8BC9CEB8-8B4A-11D0-8D11-00A0C91BC942}") = "20230524_8", "20230524_8\20230524_8.vcxproj", "{4E31FEEB-4214-4B58-841B-A7788172EF90}"
EndProject
Global
	GlobalSection(SolutionConfigurationPlatforms) = preSolution
		Debug|x64 = Debug|x64
		Debug|x86 = Debug|x86
		Release|x64 = Release|x64
		Release|x86 = Release|x86
	EndGlobalSection
	GlobalSection(ProjectConfigurationPlatforms) = postSolution
		{4E31FEEB-4214-4B58-841B-A7788172EF90}.Debug|x64.ActiveCfg = Debug|x64
		{4E31FEEB-4214-4B58-841B-A7788172EF90}.Debug|x64.Build.0 = Debug|x64
		{4E31FEEB-4214-4B58-841B-A7788172EF90}.Debug|x86.ActiveCfg = Debug|Win32
		{4E31FEEB-4214-4B58-841B-A7788172EF90}.Debug|x86.Build.0 = Debug|Win32
		{4E31FEEB-4214-4B58-841B-A7788172EF90}.Release|x64.ActiveCfg = Release|x64
		{4E31FEEB-4214-4B58-841B-A7788172EF90}.Release|x64.Build.0 = Release|x64
		{4E31FEEB-4214-4B58-841B-A7788172EF90}.Release|x86.ActiveCfg = Release|Win32
		{4E31FEEB-4214-4B58-841B-A7788172EF90}.Release|x86.Build.0 = Release|Win32
	EndGlobalSection
	GlobalSection(SolutionProperties) = preSolution
		HideSolutionNode = FALSE
	EndGlobalSection
	GlobalSection(ExtensibilityGlobals) = postSolution
		SolutionGuid = {72A3F2EF-FFEB-44F3-BAE8-69DB9128E865}
	EndGlobalSection
EndGlobal
