
Microsoft Visual Studio Solution File, Format Version 12.00
# Visual Studio Version 17
VisualStudioVersion = 17.5.33516.290
MinimumVisualStudioVersion = 10.0.40219.1
Project("{8BC9CEB8-8B4A-11D0-8D11-00A0C91BC942}") = "wheatstone_bridge", "wheatstone_bridge\wheatstone_bridge.vcxproj", "{48955AE0-E0E3-4F3B-9A86-54C7FB1F84CD}"
EndProject
Global
	GlobalSection(SolutionConfigurationPlatforms) = preSolution
		Debug|x64 = Debug|x64
		Debug|x86 = Debug|x86
		Release|x64 = Release|x64
		Release|x86 = Release|x86
	EndGlobalSection
	GlobalSection(ProjectConfigurationPlatforms) = postSolution
		{48955AE0-E0E3-4F3B-9A86-54C7FB1F84CD}.Debug|x64.ActiveCfg = Debug|x64
		{48955AE0-E0E3-4F3B-9A86-54C7FB1F84CD}.Debug|x64.Build.0 = Debug|x64
		{48955AE0-E0E3-4F3B-9A86-54C7FB1F84CD}.Debug|x86.ActiveCfg = Debug|Win32
		{48955AE0-E0E3-4F3B-9A86-54C7FB1F84CD}.Debug|x86.Build.0 = Debug|Win32
		{48955AE0-E0E3-4F3B-9A86-54C7FB1F84CD}.Release|x64.ActiveCfg = Release|x64
		{48955AE0-E0E3-4F3B-9A86-54C7FB1F84CD}.Release|x64.Build.0 = Release|x64
		{48955AE0-E0E3-4F3B-9A86-54C7FB1F84CD}.Release|x86.ActiveCfg = Release|Win32
		{48955AE0-E0E3-4F3B-9A86-54C7FB1F84CD}.Release|x86.Build.0 = Release|Win32
	EndGlobalSection
	GlobalSection(SolutionProperties) = preSolution
		HideSolutionNode = FALSE
	EndGlobalSection
	GlobalSection(ExtensibilityGlobals) = postSolution
		SolutionGuid = {CB4703A2-F363-4202-9000-7BECFD66F2AA}
	EndGlobalSection
EndGlobal
