
Microsoft Visual Studio Solution File, Format Version 12.00
# Visual Studio Version 17
VisualStudioVersion = 17.5.33516.290
MinimumVisualStudioVersion = 10.0.40219.1
Project("{8BC9CEB8-8B4A-11D0-8D11-00A0C91BC942}") = "20230904_6", "20230904_6\20230904_6.vcxproj", "{71D4E2E3-8680-4E64-9ABB-7A0B2409432A}"
EndProject
Global
	GlobalSection(SolutionConfigurationPlatforms) = preSolution
		Debug|x64 = Debug|x64
		Debug|x86 = Debug|x86
		Release|x64 = Release|x64
		Release|x86 = Release|x86
	EndGlobalSection
	GlobalSection(ProjectConfigurationPlatforms) = postSolution
		{71D4E2E3-8680-4E64-9ABB-7A0B2409432A}.Debug|x64.ActiveCfg = Debug|x64
		{71D4E2E3-8680-4E64-9ABB-7A0B2409432A}.Debug|x64.Build.0 = Debug|x64
		{71D4E2E3-8680-4E64-9ABB-7A0B2409432A}.Debug|x86.ActiveCfg = Debug|Win32
		{71D4E2E3-8680-4E64-9ABB-7A0B2409432A}.Debug|x86.Build.0 = Debug|Win32
		{71D4E2E3-8680-4E64-9ABB-7A0B2409432A}.Release|x64.ActiveCfg = Release|x64
		{71D4E2E3-8680-4E64-9ABB-7A0B2409432A}.Release|x64.Build.0 = Release|x64
		{71D4E2E3-8680-4E64-9ABB-7A0B2409432A}.Release|x86.ActiveCfg = Release|Win32
		{71D4E2E3-8680-4E64-9ABB-7A0B2409432A}.Release|x86.Build.0 = Release|Win32
	EndGlobalSection
	GlobalSection(SolutionProperties) = preSolution
		HideSolutionNode = FALSE
	EndGlobalSection
	GlobalSection(ExtensibilityGlobals) = postSolution
		SolutionGuid = {AADA84CA-1A39-4C13-9A52-3AD4D209B050}
	EndGlobalSection
EndGlobal
