
Microsoft Visual Studio Solution File, Format Version 12.00
# Visual Studio Version 17
VisualStudioVersion = 17.5.33516.290
MinimumVisualStudioVersion = 10.0.40219.1
Project("{8BC9CEB8-8B4A-11D0-8D11-00A0C91BC942}") = "직선과 점사이의 거리", "직선과 점사이의 거리\직선과 점사이의 거리.vcxproj", "{776AFC37-70DA-4327-AB21-CE547EDD3B86}"
EndProject
Global
	GlobalSection(SolutionConfigurationPlatforms) = preSolution
		Debug|x64 = Debug|x64
		Debug|x86 = Debug|x86
		Release|x64 = Release|x64
		Release|x86 = Release|x86
	EndGlobalSection
	GlobalSection(ProjectConfigurationPlatforms) = postSolution
		{776AFC37-70DA-4327-AB21-CE547EDD3B86}.Debug|x64.ActiveCfg = Debug|x64
		{776AFC37-70DA-4327-AB21-CE547EDD3B86}.Debug|x64.Build.0 = Debug|x64
		{776AFC37-70DA-4327-AB21-CE547EDD3B86}.Debug|x86.ActiveCfg = Debug|Win32
		{776AFC37-70DA-4327-AB21-CE547EDD3B86}.Debug|x86.Build.0 = Debug|Win32
		{776AFC37-70DA-4327-AB21-CE547EDD3B86}.Release|x64.ActiveCfg = Release|x64
		{776AFC37-70DA-4327-AB21-CE547EDD3B86}.Release|x64.Build.0 = Release|x64
		{776AFC37-70DA-4327-AB21-CE547EDD3B86}.Release|x86.ActiveCfg = Release|Win32
		{776AFC37-70DA-4327-AB21-CE547EDD3B86}.Release|x86.Build.0 = Release|Win32
	EndGlobalSection
	GlobalSection(SolutionProperties) = preSolution
		HideSolutionNode = FALSE
	EndGlobalSection
	GlobalSection(ExtensibilityGlobals) = postSolution
		SolutionGuid = {9360BC24-E5F5-486C-9643-AF4FBB66D467}
	EndGlobalSection
EndGlobal
