
Microsoft Visual Studio Solution File, Format Version 12.00
# Visual Studio Version 17
VisualStudioVersion = 17.4.33205.214
MinimumVisualStudioVersion = 10.0.40219.1
Project("{8BC9CEB8-8B4A-11D0-8D11-00A0C91BC942}") = "20230423_8", "20230423_8\20230423_8.vcxproj", "{1DFE6732-23E3-44E2-99D1-D02647BB0312}"
EndProject
Global
	GlobalSection(SolutionConfigurationPlatforms) = preSolution
		Debug|x64 = Debug|x64
		Debug|x86 = Debug|x86
		Release|x64 = Release|x64
		Release|x86 = Release|x86
	EndGlobalSection
	GlobalSection(ProjectConfigurationPlatforms) = postSolution
		{1DFE6732-23E3-44E2-99D1-D02647BB0312}.Debug|x64.ActiveCfg = Debug|x64
		{1DFE6732-23E3-44E2-99D1-D02647BB0312}.Debug|x64.Build.0 = Debug|x64
		{1DFE6732-23E3-44E2-99D1-D02647BB0312}.Debug|x86.ActiveCfg = Debug|Win32
		{1DFE6732-23E3-44E2-99D1-D02647BB0312}.Debug|x86.Build.0 = Debug|Win32
		{1DFE6732-23E3-44E2-99D1-D02647BB0312}.Release|x64.ActiveCfg = Release|x64
		{1DFE6732-23E3-44E2-99D1-D02647BB0312}.Release|x64.Build.0 = Release|x64
		{1DFE6732-23E3-44E2-99D1-D02647BB0312}.Release|x86.ActiveCfg = Release|Win32
		{1DFE6732-23E3-44E2-99D1-D02647BB0312}.Release|x86.Build.0 = Release|Win32
	EndGlobalSection
	GlobalSection(SolutionProperties) = preSolution
		HideSolutionNode = FALSE
	EndGlobalSection
	GlobalSection(ExtensibilityGlobals) = postSolution
		SolutionGuid = {88A91C00-E44C-4F50-B4F1-A537818390F7}
	EndGlobalSection
EndGlobal
