
Microsoft Visual Studio Solution File, Format Version 12.00
# Visual Studio Version 17
VisualStudioVersion = 17.3.32901.215
MinimumVisualStudioVersion = 10.0.40219.1
Project("{8BC9CEB8-8B4A-11D0-8D11-00A0C91BC942}") = "20230424_13", "20230424_13.vcxproj", "{C42758C8-8FBC-4131-89F7-13B38A088B58}"
EndProject
Global
	GlobalSection(SolutionConfigurationPlatforms) = preSolution
		Debug|x64 = Debug|x64
		Debug|x86 = Debug|x86
		Release|x64 = Release|x64
		Release|x86 = Release|x86
	EndGlobalSection
	GlobalSection(ProjectConfigurationPlatforms) = postSolution
		{C42758C8-8FBC-4131-89F7-13B38A088B58}.Debug|x64.ActiveCfg = Debug|x64
		{C42758C8-8FBC-4131-89F7-13B38A088B58}.Debug|x64.Build.0 = Debug|x64
		{C42758C8-8FBC-4131-89F7-13B38A088B58}.Debug|x86.ActiveCfg = Debug|Win32
		{C42758C8-8FBC-4131-89F7-13B38A088B58}.Debug|x86.Build.0 = Debug|Win32
		{C42758C8-8FBC-4131-89F7-13B38A088B58}.Release|x64.ActiveCfg = Release|x64
		{C42758C8-8FBC-4131-89F7-13B38A088B58}.Release|x64.Build.0 = Release|x64
		{C42758C8-8FBC-4131-89F7-13B38A088B58}.Release|x86.ActiveCfg = Release|Win32
		{C42758C8-8FBC-4131-89F7-13B38A088B58}.Release|x86.Build.0 = Release|Win32
	EndGlobalSection
	GlobalSection(SolutionProperties) = preSolution
		HideSolutionNode = FALSE
	EndGlobalSection
	GlobalSection(ExtensibilityGlobals) = postSolution
		SolutionGuid = {F59793D0-A790-4881-A110-B6E140AA7446}
	EndGlobalSection
EndGlobal
