
Microsoft Visual Studio Solution File, Format Version 12.00
# Visual Studio Version 17
VisualStudioVersion = 17.3.32901.215
MinimumVisualStudioVersion = 10.0.40219.1
Project("{8BC9CEB8-8B4A-11D0-8D11-00A0C91BC942}") = "20230424_15", "20230424_15\20230424_15.vcxproj", "{453BF1AC-7E82-432E-A406-F144A28EA4CE}"
EndProject
Global
	GlobalSection(SolutionConfigurationPlatforms) = preSolution
		Debug|x64 = Debug|x64
		Debug|x86 = Debug|x86
		Release|x64 = Release|x64
		Release|x86 = Release|x86
	EndGlobalSection
	GlobalSection(ProjectConfigurationPlatforms) = postSolution
		{453BF1AC-7E82-432E-A406-F144A28EA4CE}.Debug|x64.ActiveCfg = Debug|x64
		{453BF1AC-7E82-432E-A406-F144A28EA4CE}.Debug|x64.Build.0 = Debug|x64
		{453BF1AC-7E82-432E-A406-F144A28EA4CE}.Debug|x86.ActiveCfg = Debug|Win32
		{453BF1AC-7E82-432E-A406-F144A28EA4CE}.Debug|x86.Build.0 = Debug|Win32
		{453BF1AC-7E82-432E-A406-F144A28EA4CE}.Release|x64.ActiveCfg = Release|x64
		{453BF1AC-7E82-432E-A406-F144A28EA4CE}.Release|x64.Build.0 = Release|x64
		{453BF1AC-7E82-432E-A406-F144A28EA4CE}.Release|x86.ActiveCfg = Release|Win32
		{453BF1AC-7E82-432E-A406-F144A28EA4CE}.Release|x86.Build.0 = Release|Win32
	EndGlobalSection
	GlobalSection(SolutionProperties) = preSolution
		HideSolutionNode = FALSE
	EndGlobalSection
	GlobalSection(ExtensibilityGlobals) = postSolution
		SolutionGuid = {DDDA649F-6B45-42E4-A5FA-9A7F74E26916}
	EndGlobalSection
EndGlobal
