
Microsoft Visual Studio Solution File, Format Version 12.00
# Visual Studio Version 17
VisualStudioVersion = 17.5.33516.290
MinimumVisualStudioVersion = 10.0.40219.1
Project("{8BC9CEB8-8B4A-11D0-8D11-00A0C91BC942}") = "groom_4_5", "groom_4_5\groom_4_5.vcxproj", "{F98CD076-F5A8-4B46-8A1D-AAE9A3ADCC2B}"
EndProject
Global
	GlobalSection(SolutionConfigurationPlatforms) = preSolution
		Debug|x64 = Debug|x64
		Debug|x86 = Debug|x86
		Release|x64 = Release|x64
		Release|x86 = Release|x86
	EndGlobalSection
	GlobalSection(ProjectConfigurationPlatforms) = postSolution
		{F98CD076-F5A8-4B46-8A1D-AAE9A3ADCC2B}.Debug|x64.ActiveCfg = Debug|x64
		{F98CD076-F5A8-4B46-8A1D-AAE9A3ADCC2B}.Debug|x64.Build.0 = Debug|x64
		{F98CD076-F5A8-4B46-8A1D-AAE9A3ADCC2B}.Debug|x86.ActiveCfg = Debug|Win32
		{F98CD076-F5A8-4B46-8A1D-AAE9A3ADCC2B}.Debug|x86.Build.0 = Debug|Win32
		{F98CD076-F5A8-4B46-8A1D-AAE9A3ADCC2B}.Release|x64.ActiveCfg = Release|x64
		{F98CD076-F5A8-4B46-8A1D-AAE9A3ADCC2B}.Release|x64.Build.0 = Release|x64
		{F98CD076-F5A8-4B46-8A1D-AAE9A3ADCC2B}.Release|x86.ActiveCfg = Release|Win32
		{F98CD076-F5A8-4B46-8A1D-AAE9A3ADCC2B}.Release|x86.Build.0 = Release|Win32
	EndGlobalSection
	GlobalSection(SolutionProperties) = preSolution
		HideSolutionNode = FALSE
	EndGlobalSection
	GlobalSection(ExtensibilityGlobals) = postSolution
		SolutionGuid = {A1057C7B-9135-4166-9B94-ED390954891A}
	EndGlobalSection
EndGlobal
