
Microsoft Visual Studio Solution File, Format Version 12.00
# Visual Studio Version 17
VisualStudioVersion = 17.3.32901.215
MinimumVisualStudioVersion = 10.0.40219.1
Project("{8BC9CEB8-8B4A-11D0-8D11-00A0C91BC942}") = "20232424_3", "20232424_3.vcxproj", "{0E3B14F9-817C-4B58-9D8B-9D98F438248D}"
EndProject
Global
	GlobalSection(SolutionConfigurationPlatforms) = preSolution
		Debug|x64 = Debug|x64
		Debug|x86 = Debug|x86
		Release|x64 = Release|x64
		Release|x86 = Release|x86
	EndGlobalSection
	GlobalSection(ProjectConfigurationPlatforms) = postSolution
		{0E3B14F9-817C-4B58-9D8B-9D98F438248D}.Debug|x64.ActiveCfg = Debug|x64
		{0E3B14F9-817C-4B58-9D8B-9D98F438248D}.Debug|x64.Build.0 = Debug|x64
		{0E3B14F9-817C-4B58-9D8B-9D98F438248D}.Debug|x86.ActiveCfg = Debug|Win32
		{0E3B14F9-817C-4B58-9D8B-9D98F438248D}.Debug|x86.Build.0 = Debug|Win32
		{0E3B14F9-817C-4B58-9D8B-9D98F438248D}.Release|x64.ActiveCfg = Release|x64
		{0E3B14F9-817C-4B58-9D8B-9D98F438248D}.Release|x64.Build.0 = Release|x64
		{0E3B14F9-817C-4B58-9D8B-9D98F438248D}.Release|x86.ActiveCfg = Release|Win32
		{0E3B14F9-817C-4B58-9D8B-9D98F438248D}.Release|x86.Build.0 = Release|Win32
	EndGlobalSection
	GlobalSection(SolutionProperties) = preSolution
		HideSolutionNode = FALSE
	EndGlobalSection
	GlobalSection(ExtensibilityGlobals) = postSolution
		SolutionGuid = {B6C1C205-41DA-4375-AB4B-93134E243774}
	EndGlobalSection
EndGlobal
